
Microsoft Visual Studio Solution File, Format Version 12.00
# Visual Studio Version 17
VisualStudioVersion = 17.0.31903.59
MinimumVisualStudioVersion = 10.0.40219.1
Project("{FAE04EC0-301F-11D3-BF4B-00C04F79EFBC}") = "API", "API\API.csproj", "{5DE949E7-5AFF-40A1-A62A-C2DB5E22F0CB}"
EndProject
Project("{FAE04EC0-301F-11D3-BF4B-00C04F79EFBC}") = "Application", "Application\Application.csproj", "{4CF04CEA-4435-4F09-B3E3-7182F1C134E3}"
EndProject
Project("{FAE04EC0-301F-11D3-BF4B-00C04F79EFBC}") = "Core", "Core\Core.csproj", "{2ED92A09-F09B-4F04-8276-73373EC44162}"
EndProject
Project("{FAE04EC0-301F-11D3-BF4B-00C04F79EFBC}") = "Infrastructure", "Infrastructure\Infrastructure.csproj", "{ED11761F-B717-456C-90B3-27CEF0674194}"
EndProject
Project("{FAE04EC0-301F-11D3-BF4B-00C04F79EFBC}") = "Application.Tests", "Application.Tests\Application.Tests.csproj", "{0F995CFF-D407-46DA-84EB-4B7CA736E333}"
EndProject
Global
	GlobalSection(SolutionConfigurationPlatforms) = preSolution
		Debug|Any CPU = Debug|Any CPU
		Release|Any CPU = Release|Any CPU
	EndGlobalSection
	GlobalSection(SolutionProperties) = preSolution
		HideSolutionNode = FALSE
	EndGlobalSection
	GlobalSection(ProjectConfigurationPlatforms) = postSolution
		{5DE949E7-5AFF-40A1-A62A-C2DB5E22F0CB}.Debug|Any CPU.ActiveCfg = Debug|Any CPU
		{5DE949E7-5AFF-40A1-A62A-C2DB5E22F0CB}.Debug|Any CPU.Build.0 = Debug|Any CPU
		{5DE949E7-5AFF-40A1-A62A-C2DB5E22F0CB}.Release|Any CPU.ActiveCfg = Release|Any CPU
		{5DE949E7-5AFF-40A1-A62A-C2DB5E22F0CB}.Release|Any CPU.Build.0 = Release|Any CPU
		{4CF04CEA-4435-4F09-B3E3-7182F1C134E3}.Debug|Any CPU.ActiveCfg = Debug|Any CPU
		{4CF04CEA-4435-4F09-B3E3-7182F1C134E3}.Debug|Any CPU.Build.0 = Debug|Any CPU
		{4CF04CEA-4435-4F09-B3E3-7182F1C134E3}.Release|Any CPU.ActiveCfg = Release|Any CPU
		{4CF04CEA-4435-4F09-B3E3-7182F1C134E3}.Release|Any CPU.Build.0 = Release|Any CPU
		{2ED92A09-F09B-4F04-8276-73373EC44162}.Debug|Any CPU.ActiveCfg = Debug|Any CPU
		{2ED92A09-F09B-4F04-8276-73373EC44162}.Debug|Any CPU.Build.0 = Debug|Any CPU
		{2ED92A09-F09B-4F04-8276-73373EC44162}.Release|Any CPU.ActiveCfg = Release|Any CPU
		{2ED92A09-F09B-4F04-8276-73373EC44162}.Release|Any CPU.Build.0 = Release|Any CPU
		{ED11761F-B717-456C-90B3-27CEF0674194}.Debug|Any CPU.ActiveCfg = Debug|Any CPU
		{ED11761F-B717-456C-90B3-27CEF0674194}.Debug|Any CPU.Build.0 = Debug|Any CPU
		{ED11761F-B717-456C-90B3-27CEF0674194}.Release|Any CPU.ActiveCfg = Release|Any CPU
		{ED11761F-B717-456C-90B3-27CEF0674194}.Release|Any CPU.Build.0 = Release|Any CPU
		{0F995CFF-D407-46DA-84EB-4B7CA736E333}.Debug|Any CPU.ActiveCfg = Debug|Any CPU
		{0F995CFF-D407-46DA-84EB-4B7CA736E333}.Debug|Any CPU.Build.0 = Debug|Any CPU
		{0F995CFF-D407-46DA-84EB-4B7CA736E333}.Release|Any CPU.ActiveCfg = Release|Any CPU
		{0F995CFF-D407-46DA-84EB-4B7CA736E333}.Release|Any CPU.Build.0 = Release|Any CPU
	EndGlobalSection
EndGlobal
